// !$*UTF8*$!
{
	archiveVersion = 1;
	classes = {
	};
	objectVersion = 52;
	objects = {

/* Begin PBXBuildFile section */
		00EADCA495E5A3FC117BCD47 /* NotificationDialogView.xib in Resources */ = {isa = PBXBuildFile; fileRef = 77D9354EFA3EE723462D3DEA /* NotificationDialogView.xib */; };
		0641B3B16513296E1B84415D /* NotificationDialogView.swift in Sources */ = {isa = PBXBuildFile; fileRef = C0D027C8F4064F48D5F3113C /* NotificationDialogView.swift */; };
		098924B2A424B901E002CBD6 /* CGSizeExtensions.swift in Sources */ = {isa = PBXBuildFile; fileRef = 237BDFB920023879AE7D81AC /* CGSizeExtensions.swift */; };
		0997CAA7ABE1085E32B7B867 /* BaseViewController.swift in Sources */ = {isa = PBXBuildFile; fileRef = 2621240965F7CB2E56A8C500 /* BaseViewController.swift */; };
		0BAC305B2953575B283F6A52 /* CLPlacemarkExtensions.swift in Sources */ = {isa = PBXBuildFile; fileRef = 08E3E005B7EB3B5BB12CBF4F /* CLPlacemarkExtensions.swift */; };
		0DE73602DA2395A1BC9D8258 /* Checkbox.swift in Sources */ = {isa = PBXBuildFile; fileRef = F35835B7908BDD2E2558D375 /* Checkbox.swift */; };
		0E01686A9C707821AB0E48C7 /* LaunchScreen.storyboard in Resources */ = {isa = PBXBuildFile; fileRef = 0B64F4EE454DA44A2AED89B7 /* LaunchScreen.storyboard */; };
		0F01E004A9FF3354DD7DBC40 /* String+Mime.swift in Sources */ = {isa = PBXBuildFile; fileRef = 9D2DDD2F40D509F97D080843 /* String+Mime.swift */; };
		10B9EFA72F89AC153F640C99 /* PaddingTextField.swift in Sources */ = {isa = PBXBuildFile; fileRef = 430A113804A0774AFE5786DD /* PaddingTextField.swift */; };
		15F026205F7981A0418A5739 /* ColorExtensions.swift in Sources */ = {isa = PBXBuildFile; fileRef = 1711F166C77BD122AECF2BB5 /* ColorExtensions.swift */; };
		16BB99E1936D5E3672A95A46 /* ArrayExtensions.swift in Sources */ = {isa = PBXBuildFile; fileRef = DDE306DF459306F389E1925A /* ArrayExtensions.swift */; };
		1A653AEE1DC4872F320DC7AA /* CGFloatExtensions.swift in Sources */ = {isa = PBXBuildFile; fileRef = 9223B0100A36916B6DD1591C /* CGFloatExtensions.swift */; };
		1BA4868D44B1FD86A40F9D81 /* SignInInteractor.swift in Sources */ = {isa = PBXBuildFile; fileRef = 7AC6EE43C619C4DF34776601 /* SignInInteractor.swift */; };
		1EBAA2DE7AE9146654845408 /* AppComponent.swift in Sources */ = {isa = PBXBuildFile; fileRef = 70EF586DBAF6E944F6C5796C /* AppComponent.swift */; };
		2241087C6F9FD428E4C536BC /* BezierPathExtensions.swift in Sources */ = {isa = PBXBuildFile; fileRef = 844FB912B2A217FD2790EE25 /* BezierPathExtensions.swift */; };
		2281406798895152548C3F95 /* FailedDialog.swift in Sources */ = {isa = PBXBuildFile; fileRef = 16DCCF3E11F9B3FE0BFEF224 /* FailedDialog.swift */; };
		2BE5661E5314B6BA0F25DC9F /* PermissonHelper.swift in Sources */ = {isa = PBXBuildFile; fileRef = D2ABEAE43F6D17A2DB01504C /* PermissonHelper.swift */; };
		2D6988B3B6F34173819693BB /* RootRouter.swift in Sources */ = {isa = PBXBuildFile; fileRef = 803859CD92AD373771B3C430 /* RootRouter.swift */; };
		2E03FEA1F5C7A7079D58D1D0 /* PHAssetExtension.swift in Sources */ = {isa = PBXBuildFile; fileRef = 413C9AE3B512FF47631561BC /* PHAssetExtension.swift */; };
		3457BFC0ED55D815F05A865D /* TableViewExtensions.swift in Sources */ = {isa = PBXBuildFile; fileRef = CD144125FCFD45D1F64B8386 /* TableViewExtensions.swift */; };
		3C7D87D2F802C253E42231E1 /* Outfit-Regular.otf in Resources */ = {isa = PBXBuildFile; fileRef = 5B74444A73904B92F70D5AF8 /* Outfit-Regular.otf */; };
		408DCC6F55CE6F269C3B83D9 /* SignInViewController.xib in Resources */ = {isa = PBXBuildFile; fileRef = C6E4727E7C21D7D41072A377 /* SignInViewController.xib */; };
		45B82411A46D828D9F177531 /* RootViewController.swift in Sources */ = {isa = PBXBuildFile; fileRef = 25865D70F709458B84C39C7E /* RootViewController.swift */; };
		45E4F74F2B843D1293B865C9 /* UIImageExtensions.swift in Sources */ = {isa = PBXBuildFile; fileRef = F3F4C8627D1C02C99A6D5BE5 /* UIImageExtensions.swift */; };
		469C0DD20F0C73CC8F6F7774 /* UIViewExtensions.swift in Sources */ = {isa = PBXBuildFile; fileRef = E5FF2BEE373A6511EAF3EF38 /* UIViewExtensions.swift */; };
		4850298DFF4AA823644E6C8C /* SplashBuilder.swift in Sources */ = {isa = PBXBuildFile; fileRef = 1093F8D05C7C6A4C6E089373 /* SplashBuilder.swift */; };
		4A554BAA61991F2CA5D0AF51 /* StringExtensions.swift in Sources */ = {isa = PBXBuildFile; fileRef = 4E7F660B4AE15B3B2B1FCEC6 /* StringExtensions.swift */; };
		4A76FDAB824E4C990257A83C /* ViewController.swift in Sources */ = {isa = PBXBuildFile; fileRef = 8C21B67E4050C9E1F9CFAF62 /* ViewController.swift */; };
		50153C8A8B42C2BDB3E1C462 /* SignInViewController.swift in Sources */ = {isa = PBXBuildFile; fileRef = A2A6FC69E6BBC5A601EF91E0 /* SignInViewController.swift */; };
		52354F204982AD0DDCA26FEC /* DeviceExtensions.swift in Sources */ = {isa = PBXBuildFile; fileRef = F7F2D15FD7554F3AA5546436 /* DeviceExtensions.swift */; };
		5280DF6902903C9ECF543D65 /* Outfit-Medium.otf in Resources */ = {isa = PBXBuildFile; fileRef = 3243D7AFA0E12700D87797C8 /* Outfit-Medium.otf */; };
		52CC8497DED0896CC252AEB4 /* BundleExtensions.swift in Sources */ = {isa = PBXBuildFile; fileRef = 8196E834B6F31CB4E0D66BFF /* BundleExtensions.swift */; };
		56C743F008FB8D580AA3A6EB /* TimeIntervalExtensions.swift in Sources */ = {isa = PBXBuildFile; fileRef = BCD2E2C4983C865C8135B643 /* TimeIntervalExtensions.swift */; };
		573DE53819956109BA8750D9 /* CollectionViewExtensions.swift in Sources */ = {isa = PBXBuildFile; fileRef = 462C5CF5B9F0E51DCBA8E774 /* CollectionViewExtensions.swift */; };
		585E8F5075536DF96A9EBECD /* CMTimeExtensions.swift in Sources */ = {isa = PBXBuildFile; fileRef = 084A3AF497B29F73330FC2AD /* CMTimeExtensions.swift */; };
		5D0A18DB1BF4E21F8B141787 /* PasswordTextField.swift in Sources */ = {isa = PBXBuildFile; fileRef = 2AC60536A83A3CE3DF933D55 /* PasswordTextField.swift */; };
		5D4AA6A2972E1D6A093A6B9C /* SplashRouter.swift in Sources */ = {isa = PBXBuildFile; fileRef = 7E00C1EA7F4EED733B688D3F /* SplashRouter.swift */; };
		5FA16004C654652F752B1E30 /* CGPointExtensions.swift in Sources */ = {isa = PBXBuildFile; fileRef = 5F1E91F2E3D58B404EEA9239 /* CGPointExtensions.swift */; };
		61D99BF62E12F99A1B2A4EFB /* IntExtensions.swift in Sources */ = {isa = PBXBuildFile; fileRef = 34E98091CBECA425723E97E2 /* IntExtensions.swift */; };
		65792510113EECDBE8DA60E7 /* BaseFont.swift in Sources */ = {isa = PBXBuildFile; fileRef = 2667FEFC3DB073C518E5A130 /* BaseFont.swift */; };
		6932D84B43866CBA257E7A08 /* UserDefaultExtensions.swift in Sources */ = {isa = PBXBuildFile; fileRef = 8DBB6273B7D7119E1FE45F1C /* UserDefaultExtensions.swift */; };
		69DAA8745762EC495604F145 /* SolarTextField.swift in Sources */ = {isa = PBXBuildFile; fileRef = 6E7AD2B35C6F18BB8FA091FA /* SolarTextField.swift */; };
		6D4186A543F5D9D748415C56 /* RootComponent+SignIn.swift in Sources */ = {isa = PBXBuildFile; fileRef = 68548DD42A258C8EADAE7A5E /* RootComponent+SignIn.swift */; };
		6DF62C383C42BE2769CE5D76 /* DoubleExtensions.swift in Sources */ = {isa = PBXBuildFile; fileRef = 38A77F868C6186B620E42C75 /* DoubleExtensions.swift */; };
		7902AD7E8A2199B6CCA0E674 /* FileManagerExtensions.swift in Sources */ = {isa = PBXBuildFile; fileRef = 9D82048394DF15E0AC2D5866 /* FileManagerExtensions.swift */; };
		86F2915FC5D6A0FC664A3A18 /* DIConnector.swift in Sources */ = {isa = PBXBuildFile; fileRef = 0530F2E469313A2F8C52CC4E /* DIConnector.swift */; };
		94E4E213093E20994533C143 /* HomeTab.swift in Sources */ = {isa = PBXBuildFile; fileRef = 312AC4B099E8E6CB720C1CB1 /* HomeTab.swift */; };
		96A910616CEA6900DB353DF5 /* CIImageExtensions.swift in Sources */ = {isa = PBXBuildFile; fileRef = F76E27D7B1A1D9B95BBC1DCA /* CIImageExtensions.swift */; };
		97A35C7DB5CAFECF5E086BBA /* AVMutableCompositionExtensions.swift in Sources */ = {isa = PBXBuildFile; fileRef = DFBC1D7C4686FD6D99E9C63E /* AVMutableCompositionExtensions.swift */; };
		996078BF93BCC69851987D6F /* FontExtensions.swift in Sources */ = {isa = PBXBuildFile; fileRef = FCC008A2944206250C9492E4 /* FontExtensions.swift */; };
		9A226E5A915AABA10710A818 /* AppDelegate.swift in Sources */ = {isa = PBXBuildFile; fileRef = 2981F790E4C80C0BD5552ED9 /* AppDelegate.swift */; };
		A0246D099DA7A6EBE56DE6D8 /* Outfit-Bold.otf in Resources */ = {isa = PBXBuildFile; fileRef = E5C307127F3CE139391BA0F4 /* Outfit-Bold.otf */; };
		A1326202B6A2B2E7FD36301C /* SignInBuilder.swift in Sources */ = {isa = PBXBuildFile; fileRef = D908ABBE641DDB295BC669BF /* SignInBuilder.swift */; };
		A1DC540FF83E82DA107838A1 /* PageSlideBar.swift in Sources */ = {isa = PBXBuildFile; fileRef = D1927E39784CD3CE70F6325D /* PageSlideBar.swift */; };
		A8EF85DC70CCBB0F12C5B84A /* UIViewControllerExtensions.swift in Sources */ = {isa = PBXBuildFile; fileRef = 36E688FA3A113438A1A18CA2 /* UIViewControllerExtensions.swift */; };
		A91E1F8D6DC6E354F5458CCF /* BaseNavigationController.swift in Sources */ = {isa = PBXBuildFile; fileRef = 40F88C83948F268995911AA6 /* BaseNavigationController.swift */; };
		AA19072DEF9298AC9DEE9E7D /* Outfit-Light.otf in Resources */ = {isa = PBXBuildFile; fileRef = 0D1396A7E780912E84DBDB9C /* Outfit-Light.otf */; };
		AB56EACC11387EA0AE0E3340 /* UIImageViewExtensions.swift in Sources */ = {isa = PBXBuildFile; fileRef = FC6D04F7850792125D6B32D8 /* UIImageViewExtensions.swift */; };
		AD49F35407D83FE49FBC0B55 /* FloatExtensions.swift in Sources */ = {isa = PBXBuildFile; fileRef = 90293C5EA7D1B703B22EA5E3 /* FloatExtensions.swift */; };
		AF2C2533F42C88315EB378EA /* AVAudioFileExtensions.swift in Sources */ = {isa = PBXBuildFile; fileRef = 2F59BA728FCE69959E1FBA3E /* AVAudioFileExtensions.swift */; };
		AFEEA13F070775EB20C3AC5C /* SplashViewController.xib in Resources */ = {isa = PBXBuildFile; fileRef = 7E90D7DBE46B57FDBCBA614F /* SplashViewController.xib */; };
		B02AE7A0181BCE861E5A1F38 /* HomeTabBarItemView.swift in Sources */ = {isa = PBXBuildFile; fileRef = 1E1FBDD06D64DD127FB57D11 /* HomeTabBarItemView.swift */; };
		B09E9BD0F04A4BA42A83A7E5 /* Outfit-SemiBold.otf in Resources */ = {isa = PBXBuildFile; fileRef = 96532C31770A6A773331EAD2 /* Outfit-SemiBold.otf */; };
		BC3A305CD02927FCE0413567 /* SplashInteractor.swift in Sources */ = {isa = PBXBuildFile; fileRef = 43841F832D9CAB9175BDEFB2 /* SplashInteractor.swift */; };
		C004672193F92031C033FB42 /* Assets.xcassets in Resources */ = {isa = PBXBuildFile; fileRef = B1E6104F15EE2948C610F6D8 /* Assets.xcassets */; };
		C41659719718D2DAB7A4793A /* AVAudioPlayerNodeExtensions.swift in Sources */ = {isa = PBXBuildFile; fileRef = 00A3161B0DAB9C2940B842AE /* AVAudioPlayerNodeExtensions.swift */; };
		C5053D0856D0D7AD1439916A /* SignInRouter.swift in Sources */ = {isa = PBXBuildFile; fileRef = FB649C1EDEA37D66D2D7C5A6 /* SignInRouter.swift */; };
		C8874E8E29DE821800F9FA84 /* SignUpRouter.swift in Sources */ = {isa = PBXBuildFile; fileRef = C8874E8929DE821800F9FA84 /* SignUpRouter.swift */; };
		C8874E8F29DE821800F9FA84 /* SignUpViewController.swift in Sources */ = {isa = PBXBuildFile; fileRef = C8874E8A29DE821800F9FA84 /* SignUpViewController.swift */; };
		C8874E9029DE821800F9FA84 /* SignUpBuilder.swift in Sources */ = {isa = PBXBuildFile; fileRef = C8874E8B29DE821800F9FA84 /* SignUpBuilder.swift */; };
		C8874E9129DE821800F9FA84 /* SignUpInteractor.swift in Sources */ = {isa = PBXBuildFile; fileRef = C8874E8C29DE821800F9FA84 /* SignUpInteractor.swift */; };
		C8874E9229DE821800F9FA84 /* SignUpViewController.xib in Resources */ = {isa = PBXBuildFile; fileRef = C8874E8D29DE821800F9FA84 /* SignUpViewController.xib */; };
		C8874E9429DE834F00F9FA84 /* RootComponent+SignUp.swift in Sources */ = {isa = PBXBuildFile; fileRef = C8874E9329DE834F00F9FA84 /* RootComponent+SignUp.swift */; };
		C8874E9629DE840000F9FA84 /* RootInteractor+SignIn.swift in Sources */ = {isa = PBXBuildFile; fileRef = C8874E9529DE840000F9FA84 /* RootInteractor+SignIn.swift */; };
		C8874E9829DE86DD00F9FA84 /* RootInteractor+SignUp.swift in Sources */ = {isa = PBXBuildFile; fileRef = C8874E9729DE86DD00F9FA84 /* RootInteractor+SignUp.swift */; };
		CA35C8BBE3A620E7F06BCD3E /* AVAudioSessionExtensions.swift in Sources */ = {isa = PBXBuildFile; fileRef = 020D8B59B989065EE24C9677 /* AVAudioSessionExtensions.swift */; };
		CC6278ED99982B35A02DAC6B /* EncodableExtensions.swift in Sources */ = {isa = PBXBuildFile; fileRef = 1AAD016D9E0A2021415AAD83 /* EncodableExtensions.swift */; };
		D3A987A3EF7A9503C9AB6DBE /* DateExtensions.swift in Sources */ = {isa = PBXBuildFile; fileRef = 596E0885532F8DDCC18E58C4 /* DateExtensions.swift */; };
		D3BBFFF8A55CFD7A692E2A08 /* HomeTabBar.swift in Sources */ = {isa = PBXBuildFile; fileRef = B360053EB7679319ABE20FEA /* HomeTabBar.swift */; };
		D6D2C4E3567D24F973FF9C8D /* Pods_E_Wallet.framework in Frameworks */ = {isa = PBXBuildFile; fileRef = 5009D33C2AA982DCE7B7D899 /* Pods_E_Wallet.framework */; };
		DB68938C028F0F406809A95F /* URLExtensions.swift in Sources */ = {isa = PBXBuildFile; fileRef = 9C30E834B601F3A975202FA2 /* URLExtensions.swift */; };
		DE07CC8DA440E6A66840FB41 /* LoginByPasswordView.swift in Sources */ = {isa = PBXBuildFile; fileRef = EC8985192EC4AE2009CE1CA4 /* LoginByPasswordView.swift */; };
		E02922BE0919E1CA78AF34D5 /* UIColorExtensions.swift in Sources */ = {isa = PBXBuildFile; fileRef = 5BBD1B9CCC40BC14350409DB /* UIColorExtensions.swift */; };
		E1F26F4ED1CAC9632B4C9FBE /* RootInteractor.swift in Sources */ = {isa = PBXBuildFile; fileRef = C61FC22E86925C64810669C2 /* RootInteractor.swift */; };
		E4227F1B9F9010E4DE3BC6F9 /* URLRequestExtensions.swift in Sources */ = {isa = PBXBuildFile; fileRef = 42B1F944D9EB2987974E068A /* URLRequestExtensions.swift */; };
		E4678196798E7CD22E2DFB79 /* AVAssetExtension.swift in Sources */ = {isa = PBXBuildFile; fileRef = E2F8DA60CF49AA987F081CEE /* AVAssetExtension.swift */; };
		E4D936B3E131469B5FFB22D7 /* RootBuilder.swift in Sources */ = {isa = PBXBuildFile; fileRef = BB966A04F9E5EB873AA641EA /* RootBuilder.swift */; };
		E501FA31E679ED3225394A30 /* DictionaryExtension.swift in Sources */ = {isa = PBXBuildFile; fileRef = E92CC80C79E38A982724A3C0 /* DictionaryExtension.swift */; };
		E74EEF4E15730F337E1E3F2F /* CalendarExtensions.swift in Sources */ = {isa = PBXBuildFile; fileRef = 76FF64154979242342C6BE5A /* CalendarExtensions.swift */; };
		E8A691B5F3368743495D8227 /* AVPlayerExtensions.swift in Sources */ = {isa = PBXBuildFile; fileRef = 268464D88F6AEFFDBB54CF86 /* AVPlayerExtensions.swift */; };
		EF58311281031D21A702C10E /* Outfit.swift in Sources */ = {isa = PBXBuildFile; fileRef = DC4580C955D7F552C6102E55 /* Outfit.swift */; };
		F185A6EAF88A926A4626C019 /* TapableView.swift in Sources */ = {isa = PBXBuildFile; fileRef = 5814A1F55FCD3CBE2EEB2DDF /* TapableView.swift */; };
		F1D7276B8597476B53D1A627 /* DIContainer.swift in Sources */ = {isa = PBXBuildFile; fileRef = 92C6E4A2FA4EE25A06713DB8 /* DIContainer.swift */; };
		F21876E89E40F4692307E3C2 /* RootInteractor+Splash.swift in Sources */ = {isa = PBXBuildFile; fileRef = 9C067777B48B9C19A0E3EDEE /* RootInteractor+Splash.swift */; };
		F96806E353559B2F3975529C /* SplashViewController.swift in Sources */ = {isa = PBXBuildFile; fileRef = BDE837927C774E01F193075C /* SplashViewController.swift */; };
		FAE9FD5B7F840D5F8F9B26D0 /* CGRectExtensions.swift in Sources */ = {isa = PBXBuildFile; fileRef = AF2964E2701F5AEFD953487E /* CGRectExtensions.swift */; };
		FDE8D8DF7ECA2A935C398296 /* DIRibsConfiguration.swift in Sources */ = {isa = PBXBuildFile; fileRef = 787A566C5420B3284A80BD32 /* DIRibsConfiguration.swift */; };
		FF1FAC6D0417B363A76358D8 /* RootComponent+Splash.swift in Sources */ = {isa = PBXBuildFile; fileRef = 29C9A2B0DBE48275D5F89DBC /* RootComponent+Splash.swift */; };
/* End PBXBuildFile section */

/* Begin PBXFileReference section */
		00A3161B0DAB9C2940B842AE /* AVAudioPlayerNodeExtensions.swift */ = {isa = PBXFileReference; lastKnownFileType = sourcecode.swift; path = AVAudioPlayerNodeExtensions.swift; sourceTree = "<group>"; };
		020D8B59B989065EE24C9677 /* AVAudioSessionExtensions.swift */ = {isa = PBXFileReference; lastKnownFileType = sourcecode.swift; path = AVAudioSessionExtensions.swift; sourceTree = "<group>"; };
		0530F2E469313A2F8C52CC4E /* DIConnector.swift */ = {isa = PBXFileReference; lastKnownFileType = sourcecode.swift; path = DIConnector.swift; sourceTree = "<group>"; };
		084A3AF497B29F73330FC2AD /* CMTimeExtensions.swift */ = {isa = PBXFileReference; lastKnownFileType = sourcecode.swift; path = CMTimeExtensions.swift; sourceTree = "<group>"; };
		08E3E005B7EB3B5BB12CBF4F /* CLPlacemarkExtensions.swift */ = {isa = PBXFileReference; lastKnownFileType = sourcecode.swift; path = CLPlacemarkExtensions.swift; sourceTree = "<group>"; };
		0D1396A7E780912E84DBDB9C /* Outfit-Light.otf */ = {isa = PBXFileReference; lastKnownFileType = file; path = "Outfit-Light.otf"; sourceTree = "<group>"; };
		1093F8D05C7C6A4C6E089373 /* SplashBuilder.swift */ = {isa = PBXFileReference; lastKnownFileType = sourcecode.swift; path = SplashBuilder.swift; sourceTree = "<group>"; };
		138B55CE41750CB0F73F229F /* Base */ = {isa = PBXFileReference; lastKnownFileType = file.storyboard; name = Base; path = Base.lproj/LaunchScreen.storyboard; sourceTree = "<group>"; };
		16DCCF3E11F9B3FE0BFEF224 /* FailedDialog.swift */ = {isa = PBXFileReference; lastKnownFileType = sourcecode.swift; path = FailedDialog.swift; sourceTree = "<group>"; };
		1711F166C77BD122AECF2BB5 /* ColorExtensions.swift */ = {isa = PBXFileReference; lastKnownFileType = sourcecode.swift; path = ColorExtensions.swift; sourceTree = "<group>"; };
		1AAD016D9E0A2021415AAD83 /* EncodableExtensions.swift */ = {isa = PBXFileReference; lastKnownFileType = sourcecode.swift; path = EncodableExtensions.swift; sourceTree = "<group>"; };
		1E1FBDD06D64DD127FB57D11 /* HomeTabBarItemView.swift */ = {isa = PBXFileReference; lastKnownFileType = sourcecode.swift; path = HomeTabBarItemView.swift; sourceTree = "<group>"; };
		237BDFB920023879AE7D81AC /* CGSizeExtensions.swift */ = {isa = PBXFileReference; lastKnownFileType = sourcecode.swift; path = CGSizeExtensions.swift; sourceTree = "<group>"; };
		25865D70F709458B84C39C7E /* RootViewController.swift */ = {isa = PBXFileReference; lastKnownFileType = sourcecode.swift; path = RootViewController.swift; sourceTree = "<group>"; };
		2621240965F7CB2E56A8C500 /* BaseViewController.swift */ = {isa = PBXFileReference; lastKnownFileType = sourcecode.swift; path = BaseViewController.swift; sourceTree = "<group>"; };
		2667FEFC3DB073C518E5A130 /* BaseFont.swift */ = {isa = PBXFileReference; lastKnownFileType = sourcecode.swift; path = BaseFont.swift; sourceTree = "<group>"; };
		268464D88F6AEFFDBB54CF86 /* AVPlayerExtensions.swift */ = {isa = PBXFileReference; lastKnownFileType = sourcecode.swift; path = AVPlayerExtensions.swift; sourceTree = "<group>"; };
		2981F790E4C80C0BD5552ED9 /* AppDelegate.swift */ = {isa = PBXFileReference; lastKnownFileType = sourcecode.swift; path = AppDelegate.swift; sourceTree = "<group>"; };
		29C9A2B0DBE48275D5F89DBC /* RootComponent+Splash.swift */ = {isa = PBXFileReference; lastKnownFileType = sourcecode.swift; path = "RootComponent+Splash.swift"; sourceTree = "<group>"; };
		2AC60536A83A3CE3DF933D55 /* PasswordTextField.swift */ = {isa = PBXFileReference; lastKnownFileType = sourcecode.swift; path = PasswordTextField.swift; sourceTree = "<group>"; };
		2F59BA728FCE69959E1FBA3E /* AVAudioFileExtensions.swift */ = {isa = PBXFileReference; lastKnownFileType = sourcecode.swift; path = AVAudioFileExtensions.swift; sourceTree = "<group>"; };
		312AC4B099E8E6CB720C1CB1 /* HomeTab.swift */ = {isa = PBXFileReference; lastKnownFileType = sourcecode.swift; path = HomeTab.swift; sourceTree = "<group>"; };
		3243D7AFA0E12700D87797C8 /* Outfit-Medium.otf */ = {isa = PBXFileReference; lastKnownFileType = file; path = "Outfit-Medium.otf"; sourceTree = "<group>"; };
		34E98091CBECA425723E97E2 /* IntExtensions.swift */ = {isa = PBXFileReference; lastKnownFileType = sourcecode.swift; path = IntExtensions.swift; sourceTree = "<group>"; };
		36E688FA3A113438A1A18CA2 /* UIViewControllerExtensions.swift */ = {isa = PBXFileReference; lastKnownFileType = sourcecode.swift; path = UIViewControllerExtensions.swift; sourceTree = "<group>"; };
		38A77F868C6186B620E42C75 /* DoubleExtensions.swift */ = {isa = PBXFileReference; lastKnownFileType = sourcecode.swift; path = DoubleExtensions.swift; sourceTree = "<group>"; };
		40F88C83948F268995911AA6 /* BaseNavigationController.swift */ = {isa = PBXFileReference; lastKnownFileType = sourcecode.swift; path = BaseNavigationController.swift; sourceTree = "<group>"; };
		413C9AE3B512FF47631561BC /* PHAssetExtension.swift */ = {isa = PBXFileReference; lastKnownFileType = sourcecode.swift; path = PHAssetExtension.swift; sourceTree = "<group>"; };
		42B1F944D9EB2987974E068A /* URLRequestExtensions.swift */ = {isa = PBXFileReference; lastKnownFileType = sourcecode.swift; path = URLRequestExtensions.swift; sourceTree = "<group>"; };
		430A113804A0774AFE5786DD /* PaddingTextField.swift */ = {isa = PBXFileReference; lastKnownFileType = sourcecode.swift; path = PaddingTextField.swift; sourceTree = "<group>"; };
		43841F832D9CAB9175BDEFB2 /* SplashInteractor.swift */ = {isa = PBXFileReference; lastKnownFileType = sourcecode.swift; path = SplashInteractor.swift; sourceTree = "<group>"; };
		462C5CF5B9F0E51DCBA8E774 /* CollectionViewExtensions.swift */ = {isa = PBXFileReference; lastKnownFileType = sourcecode.swift; path = CollectionViewExtensions.swift; sourceTree = "<group>"; };
		4E7F660B4AE15B3B2B1FCEC6 /* StringExtensions.swift */ = {isa = PBXFileReference; lastKnownFileType = sourcecode.swift; path = StringExtensions.swift; sourceTree = "<group>"; };
		5009D33C2AA982DCE7B7D899 /* Pods_E_Wallet.framework */ = {isa = PBXFileReference; explicitFileType = wrapper.framework; includeInIndex = 0; path = Pods_E_Wallet.framework; sourceTree = BUILT_PRODUCTS_DIR; };
		5814A1F55FCD3CBE2EEB2DDF /* TapableView.swift */ = {isa = PBXFileReference; lastKnownFileType = sourcecode.swift; path = TapableView.swift; sourceTree = "<group>"; };
		5909E920534E92207A103041 /* E-Wallet.app */ = {isa = PBXFileReference; includeInIndex = 0; lastKnownFileType = wrapper.application; path = "E-Wallet.app"; sourceTree = BUILT_PRODUCTS_DIR; };
		596E0885532F8DDCC18E58C4 /* DateExtensions.swift */ = {isa = PBXFileReference; lastKnownFileType = sourcecode.swift; path = DateExtensions.swift; sourceTree = "<group>"; };
		5B74444A73904B92F70D5AF8 /* Outfit-Regular.otf */ = {isa = PBXFileReference; lastKnownFileType = file; path = "Outfit-Regular.otf"; sourceTree = "<group>"; };
		5BBD1B9CCC40BC14350409DB /* UIColorExtensions.swift */ = {isa = PBXFileReference; lastKnownFileType = sourcecode.swift; path = UIColorExtensions.swift; sourceTree = "<group>"; };
		5F1E91F2E3D58B404EEA9239 /* CGPointExtensions.swift */ = {isa = PBXFileReference; lastKnownFileType = sourcecode.swift; path = CGPointExtensions.swift; sourceTree = "<group>"; };
		68548DD42A258C8EADAE7A5E /* RootComponent+SignIn.swift */ = {isa = PBXFileReference; lastKnownFileType = sourcecode.swift; path = "RootComponent+SignIn.swift"; sourceTree = "<group>"; };
		6E7AD2B35C6F18BB8FA091FA /* SolarTextField.swift */ = {isa = PBXFileReference; lastKnownFileType = sourcecode.swift; path = SolarTextField.swift; sourceTree = "<group>"; };
		70EF586DBAF6E944F6C5796C /* AppComponent.swift */ = {isa = PBXFileReference; lastKnownFileType = sourcecode.swift; path = AppComponent.swift; sourceTree = "<group>"; };
		76FF64154979242342C6BE5A /* CalendarExtensions.swift */ = {isa = PBXFileReference; lastKnownFileType = sourcecode.swift; path = CalendarExtensions.swift; sourceTree = "<group>"; };
		77D9354EFA3EE723462D3DEA /* NotificationDialogView.xib */ = {isa = PBXFileReference; lastKnownFileType = file.xib; path = NotificationDialogView.xib; sourceTree = "<group>"; };
		787A566C5420B3284A80BD32 /* DIRibsConfiguration.swift */ = {isa = PBXFileReference; lastKnownFileType = sourcecode.swift; path = DIRibsConfiguration.swift; sourceTree = "<group>"; };
		7AC6EE43C619C4DF34776601 /* SignInInteractor.swift */ = {isa = PBXFileReference; lastKnownFileType = sourcecode.swift; path = SignInInteractor.swift; sourceTree = "<group>"; };
		7E00C1EA7F4EED733B688D3F /* SplashRouter.swift */ = {isa = PBXFileReference; lastKnownFileType = sourcecode.swift; path = SplashRouter.swift; sourceTree = "<group>"; };
		7E90D7DBE46B57FDBCBA614F /* SplashViewController.xib */ = {isa = PBXFileReference; lastKnownFileType = file.xib; path = SplashViewController.xib; sourceTree = "<group>"; };
		803859CD92AD373771B3C430 /* RootRouter.swift */ = {isa = PBXFileReference; lastKnownFileType = sourcecode.swift; path = RootRouter.swift; sourceTree = "<group>"; };
		8196E834B6F31CB4E0D66BFF /* BundleExtensions.swift */ = {isa = PBXFileReference; lastKnownFileType = sourcecode.swift; path = BundleExtensions.swift; sourceTree = "<group>"; };
		844FB912B2A217FD2790EE25 /* BezierPathExtensions.swift */ = {isa = PBXFileReference; lastKnownFileType = sourcecode.swift; path = BezierPathExtensions.swift; sourceTree = "<group>"; };
		8C21B67E4050C9E1F9CFAF62 /* ViewController.swift */ = {isa = PBXFileReference; lastKnownFileType = sourcecode.swift; path = ViewController.swift; sourceTree = "<group>"; };
		8DBB6273B7D7119E1FE45F1C /* UserDefaultExtensions.swift */ = {isa = PBXFileReference; lastKnownFileType = sourcecode.swift; path = UserDefaultExtensions.swift; sourceTree = "<group>"; };
		8F539F265657E892219B2CC7 /* Info.plist */ = {isa = PBXFileReference; lastKnownFileType = text.plist; path = Info.plist; sourceTree = "<group>"; };
		90293C5EA7D1B703B22EA5E3 /* FloatExtensions.swift */ = {isa = PBXFileReference; lastKnownFileType = sourcecode.swift; path = FloatExtensions.swift; sourceTree = "<group>"; };
		9223B0100A36916B6DD1591C /* CGFloatExtensions.swift */ = {isa = PBXFileReference; lastKnownFileType = sourcecode.swift; path = CGFloatExtensions.swift; sourceTree = "<group>"; };
		9295BF036E84D108D4309496 /* Pods-E-Wallet.debug.xcconfig */ = {isa = PBXFileReference; includeInIndex = 1; lastKnownFileType = text.xcconfig; name = "Pods-E-Wallet.debug.xcconfig"; path = "Target Support Files/Pods-E-Wallet/Pods-E-Wallet.debug.xcconfig"; sourceTree = "<group>"; };
		92C6E4A2FA4EE25A06713DB8 /* DIContainer.swift */ = {isa = PBXFileReference; lastKnownFileType = sourcecode.swift; path = DIContainer.swift; sourceTree = "<group>"; };
		96532C31770A6A773331EAD2 /* Outfit-SemiBold.otf */ = {isa = PBXFileReference; lastKnownFileType = file; path = "Outfit-SemiBold.otf"; sourceTree = "<group>"; };
		9C067777B48B9C19A0E3EDEE /* RootInteractor+Splash.swift */ = {isa = PBXFileReference; lastKnownFileType = sourcecode.swift; path = "RootInteractor+Splash.swift"; sourceTree = "<group>"; };
		9C30E834B601F3A975202FA2 /* URLExtensions.swift */ = {isa = PBXFileReference; lastKnownFileType = sourcecode.swift; path = URLExtensions.swift; sourceTree = "<group>"; };
		9D2DDD2F40D509F97D080843 /* String+Mime.swift */ = {isa = PBXFileReference; lastKnownFileType = sourcecode.swift; path = "String+Mime.swift"; sourceTree = "<group>"; };
		9D82048394DF15E0AC2D5866 /* FileManagerExtensions.swift */ = {isa = PBXFileReference; lastKnownFileType = sourcecode.swift; path = FileManagerExtensions.swift; sourceTree = "<group>"; };
		A2A6FC69E6BBC5A601EF91E0 /* SignInViewController.swift */ = {isa = PBXFileReference; lastKnownFileType = sourcecode.swift; path = SignInViewController.swift; sourceTree = "<group>"; };
		AF2964E2701F5AEFD953487E /* CGRectExtensions.swift */ = {isa = PBXFileReference; lastKnownFileType = sourcecode.swift; path = CGRectExtensions.swift; sourceTree = "<group>"; };
		B1E6104F15EE2948C610F6D8 /* Assets.xcassets */ = {isa = PBXFileReference; lastKnownFileType = folder.assetcatalog; path = Assets.xcassets; sourceTree = "<group>"; };
		B360053EB7679319ABE20FEA /* HomeTabBar.swift */ = {isa = PBXFileReference; lastKnownFileType = sourcecode.swift; path = HomeTabBar.swift; sourceTree = "<group>"; };
		BB966A04F9E5EB873AA641EA /* RootBuilder.swift */ = {isa = PBXFileReference; lastKnownFileType = sourcecode.swift; path = RootBuilder.swift; sourceTree = "<group>"; };
		BCD2E2C4983C865C8135B643 /* TimeIntervalExtensions.swift */ = {isa = PBXFileReference; lastKnownFileType = sourcecode.swift; path = TimeIntervalExtensions.swift; sourceTree = "<group>"; };
		BDE837927C774E01F193075C /* SplashViewController.swift */ = {isa = PBXFileReference; lastKnownFileType = sourcecode.swift; path = SplashViewController.swift; sourceTree = "<group>"; };
		C0D027C8F4064F48D5F3113C /* NotificationDialogView.swift */ = {isa = PBXFileReference; lastKnownFileType = sourcecode.swift; path = NotificationDialogView.swift; sourceTree = "<group>"; };
		C61FC22E86925C64810669C2 /* RootInteractor.swift */ = {isa = PBXFileReference; lastKnownFileType = sourcecode.swift; path = RootInteractor.swift; sourceTree = "<group>"; };
		C6E4727E7C21D7D41072A377 /* SignInViewController.xib */ = {isa = PBXFileReference; lastKnownFileType = file.xib; path = SignInViewController.xib; sourceTree = "<group>"; };
		C8874E8929DE821800F9FA84 /* SignUpRouter.swift */ = {isa = PBXFileReference; lastKnownFileType = sourcecode.swift; path = SignUpRouter.swift; sourceTree = "<group>"; };
		C8874E8A29DE821800F9FA84 /* SignUpViewController.swift */ = {isa = PBXFileReference; lastKnownFileType = sourcecode.swift; path = SignUpViewController.swift; sourceTree = "<group>"; };
		C8874E8B29DE821800F9FA84 /* SignUpBuilder.swift */ = {isa = PBXFileReference; lastKnownFileType = sourcecode.swift; path = SignUpBuilder.swift; sourceTree = "<group>"; };
		C8874E8C29DE821800F9FA84 /* SignUpInteractor.swift */ = {isa = PBXFileReference; lastKnownFileType = sourcecode.swift; path = SignUpInteractor.swift; sourceTree = "<group>"; };
		C8874E8D29DE821800F9FA84 /* SignUpViewController.xib */ = {isa = PBXFileReference; lastKnownFileType = file.xib; path = SignUpViewController.xib; sourceTree = "<group>"; };
		C8874E9329DE834F00F9FA84 /* RootComponent+SignUp.swift */ = {isa = PBXFileReference; lastKnownFileType = sourcecode.swift; path = "RootComponent+SignUp.swift"; sourceTree = "<group>"; };
		C8874E9529DE840000F9FA84 /* RootInteractor+SignIn.swift */ = {isa = PBXFileReference; lastKnownFileType = sourcecode.swift; path = "RootInteractor+SignIn.swift"; sourceTree = "<group>"; };
		C8874E9729DE86DD00F9FA84 /* RootInteractor+SignUp.swift */ = {isa = PBXFileReference; lastKnownFileType = sourcecode.swift; path = "RootInteractor+SignUp.swift"; sourceTree = "<group>"; };
		CD144125FCFD45D1F64B8386 /* TableViewExtensions.swift */ = {isa = PBXFileReference; lastKnownFileType = sourcecode.swift; path = TableViewExtensions.swift; sourceTree = "<group>"; };
		D1927E39784CD3CE70F6325D /* PageSlideBar.swift */ = {isa = PBXFileReference; lastKnownFileType = sourcecode.swift; path = PageSlideBar.swift; sourceTree = "<group>"; };
		D2ABEAE43F6D17A2DB01504C /* PermissonHelper.swift */ = {isa = PBXFileReference; lastKnownFileType = sourcecode.swift; path = PermissonHelper.swift; sourceTree = "<group>"; };
		D908ABBE641DDB295BC669BF /* SignInBuilder.swift */ = {isa = PBXFileReference; lastKnownFileType = sourcecode.swift; path = SignInBuilder.swift; sourceTree = "<group>"; };
		DC4580C955D7F552C6102E55 /* Outfit.swift */ = {isa = PBXFileReference; lastKnownFileType = sourcecode.swift; path = Outfit.swift; sourceTree = "<group>"; };
		DDE306DF459306F389E1925A /* ArrayExtensions.swift */ = {isa = PBXFileReference; lastKnownFileType = sourcecode.swift; path = ArrayExtensions.swift; sourceTree = "<group>"; };
		DFBC1D7C4686FD6D99E9C63E /* AVMutableCompositionExtensions.swift */ = {isa = PBXFileReference; lastKnownFileType = sourcecode.swift; path = AVMutableCompositionExtensions.swift; sourceTree = "<group>"; };
		E2F8DA60CF49AA987F081CEE /* AVAssetExtension.swift */ = {isa = PBXFileReference; lastKnownFileType = sourcecode.swift; path = AVAssetExtension.swift; sourceTree = "<group>"; };
		E5C307127F3CE139391BA0F4 /* Outfit-Bold.otf */ = {isa = PBXFileReference; lastKnownFileType = file; path = "Outfit-Bold.otf"; sourceTree = "<group>"; };
		E5FF2BEE373A6511EAF3EF38 /* UIViewExtensions.swift */ = {isa = PBXFileReference; lastKnownFileType = sourcecode.swift; path = UIViewExtensions.swift; sourceTree = "<group>"; };
		E70D610C9EB58FC1AC769B24 /* Pods-E-Wallet.release.xcconfig */ = {isa = PBXFileReference; includeInIndex = 1; lastKnownFileType = text.xcconfig; name = "Pods-E-Wallet.release.xcconfig"; path = "Target Support Files/Pods-E-Wallet/Pods-E-Wallet.release.xcconfig"; sourceTree = "<group>"; };
		E92CC80C79E38A982724A3C0 /* DictionaryExtension.swift */ = {isa = PBXFileReference; lastKnownFileType = sourcecode.swift; path = DictionaryExtension.swift; sourceTree = "<group>"; };
		EC8985192EC4AE2009CE1CA4 /* LoginByPasswordView.swift */ = {isa = PBXFileReference; lastKnownFileType = sourcecode.swift; path = LoginByPasswordView.swift; sourceTree = "<group>"; };
		F35835B7908BDD2E2558D375 /* Checkbox.swift */ = {isa = PBXFileReference; lastKnownFileType = sourcecode.swift; path = Checkbox.swift; sourceTree = "<group>"; };
		F3F4C8627D1C02C99A6D5BE5 /* UIImageExtensions.swift */ = {isa = PBXFileReference; lastKnownFileType = sourcecode.swift; path = UIImageExtensions.swift; sourceTree = "<group>"; };
		F76E27D7B1A1D9B95BBC1DCA /* CIImageExtensions.swift */ = {isa = PBXFileReference; lastKnownFileType = sourcecode.swift; path = CIImageExtensions.swift; sourceTree = "<group>"; };
		F7F2D15FD7554F3AA5546436 /* DeviceExtensions.swift */ = {isa = PBXFileReference; lastKnownFileType = sourcecode.swift; path = DeviceExtensions.swift; sourceTree = "<group>"; };
		FB649C1EDEA37D66D2D7C5A6 /* SignInRouter.swift */ = {isa = PBXFileReference; lastKnownFileType = sourcecode.swift; path = SignInRouter.swift; sourceTree = "<group>"; };
		FC6D04F7850792125D6B32D8 /* UIImageViewExtensions.swift */ = {isa = PBXFileReference; lastKnownFileType = sourcecode.swift; path = UIImageViewExtensions.swift; sourceTree = "<group>"; };
		FCC008A2944206250C9492E4 /* FontExtensions.swift */ = {isa = PBXFileReference; lastKnownFileType = sourcecode.swift; path = FontExtensions.swift; sourceTree = "<group>"; };
/* End PBXFileReference section */

/* Begin PBXFrameworksBuildPhase section */
		DFC682166988BD8F6257CDF6 /* Frameworks */ = {
			isa = PBXFrameworksBuildPhase;
			buildActionMask = 2147483647;
			files = (
				D6D2C4E3567D24F973FF9C8D /* Pods_E_Wallet.framework in Frameworks */,
			);
			runOnlyForDeploymentPostprocessing = 0;
		};
/* End PBXFrameworksBuildPhase section */

/* Begin PBXGroup section */
		0A6BBC8EE76CE7D3A4C5CF47 /* E-Wallet */ = {
			isa = PBXGroup;
			children = (
				8C21B67E4050C9E1F9CFAF62 /* ViewController.swift */,
				F7F4BF46FF0A790DB63F8643 /* App */,
				1772B85E0439FD6F7559D5BE /* Core */,
				C95ECF7E2B64E9156DC14D3F /* Screen */,
			);
			path = "E-Wallet";
			sourceTree = "<group>";
		};
		1772B85E0439FD6F7559D5BE /* Core */ = {
			isa = PBXGroup;
			children = (
				66DB740D94AEDD66B22C7F2C /* Base */,
				C283A198D06C1772CD30F2AE /* CommonView */,
				3DED96D3C01CA931F15330C9 /* Dependency Injection */,
				A417A9661F82EDE114580A58 /* Extensions */,
				EBC2EDC2C626970FF00128B9 /* Helper */,
			);
			path = Core;
			sourceTree = "<group>";
		};
		3DED96D3C01CA931F15330C9 /* Dependency Injection */ = {
			isa = PBXGroup;
			children = (
				0530F2E469313A2F8C52CC4E /* DIConnector.swift */,
				92C6E4A2FA4EE25A06713DB8 /* DIContainer.swift */,
				787A566C5420B3284A80BD32 /* DIRibsConfiguration.swift */,
			);
			path = "Dependency Injection";
			sourceTree = "<group>";
		};
		4E0036027A7A64974E848C7A /* Frameworks */ = {
			isa = PBXGroup;
			children = (
				5009D33C2AA982DCE7B7D899 /* Pods_E_Wallet.framework */,
			);
			name = Frameworks;
			sourceTree = "<group>";
		};
		540599CC23AB5A4DAE27EF34 /* Splash */ = {
			isa = PBXGroup;
			children = (
				1093F8D05C7C6A4C6E089373 /* SplashBuilder.swift */,
				43841F832D9CAB9175BDEFB2 /* SplashInteractor.swift */,
				7E00C1EA7F4EED733B688D3F /* SplashRouter.swift */,
				BDE837927C774E01F193075C /* SplashViewController.swift */,
				7E90D7DBE46B57FDBCBA614F /* SplashViewController.xib */,
			);
			path = Splash;
			sourceTree = "<group>";
		};
		5AB46CA1A48DD45808A4E703 = {
			isa = PBXGroup;
			children = (
				0A6BBC8EE76CE7D3A4C5CF47 /* E-Wallet */,
				68AF9A0EDA3A8B2A3684DC01 /* Products */,
				9F7313749E29C47F323C604F /* Pods */,
				4E0036027A7A64974E848C7A /* Frameworks */,
			);
			sourceTree = "<group>";
		};
		601747737C5C43EA02392B4F /* Enum */ = {
			isa = PBXGroup;
			children = (
				312AC4B099E8E6CB720C1CB1 /* HomeTab.swift */,
			);
			path = Enum;
			sourceTree = "<group>";
		};
		6074308E0CE64B8B78AD8649 /* Outfit */ = {
			isa = PBXGroup;
			children = (
				E5C307127F3CE139391BA0F4 /* Outfit-Bold.otf */,
				0D1396A7E780912E84DBDB9C /* Outfit-Light.otf */,
				3243D7AFA0E12700D87797C8 /* Outfit-Medium.otf */,
				5B74444A73904B92F70D5AF8 /* Outfit-Regular.otf */,
				96532C31770A6A773331EAD2 /* Outfit-SemiBold.otf */,
				DC4580C955D7F552C6102E55 /* Outfit.swift */,
			);
			path = Outfit;
			sourceTree = "<group>";
		};
		66DB740D94AEDD66B22C7F2C /* Base */ = {
			isa = PBXGroup;
			children = (
				40F88C83948F268995911AA6 /* BaseNavigationController.swift */,
				2621240965F7CB2E56A8C500 /* BaseViewController.swift */,
			);
			path = Base;
			sourceTree = "<group>";
		};
		68AF9A0EDA3A8B2A3684DC01 /* Products */ = {
			isa = PBXGroup;
			children = (
				5909E920534E92207A103041 /* E-Wallet.app */,
			);
			name = Products;
			sourceTree = "<group>";
		};
		6B63454BDE35360A03AC485A /* View */ = {
			isa = PBXGroup;
			children = (
				EC8985192EC4AE2009CE1CA4 /* LoginByPasswordView.swift */,
			);
			path = View;
			sourceTree = "<group>";
		};
		82D0BFD18AA7CE275B3717CC /* Xib */ = {
			isa = PBXGroup;
			children = (
				77D9354EFA3EE723462D3DEA /* NotificationDialogView.xib */,
			);
			path = Xib;
			sourceTree = "<group>";
		};
		9A033AB277BCF7DE23E00527 /* Root */ = {
			isa = PBXGroup;
			children = (
				BB966A04F9E5EB873AA641EA /* RootBuilder.swift */,
				68548DD42A258C8EADAE7A5E /* RootComponent+SignIn.swift */,
				29C9A2B0DBE48275D5F89DBC /* RootComponent+Splash.swift */,
				C61FC22E86925C64810669C2 /* RootInteractor.swift */,
				9C067777B48B9C19A0E3EDEE /* RootInteractor+Splash.swift */,
				803859CD92AD373771B3C430 /* RootRouter.swift */,
				25865D70F709458B84C39C7E /* RootViewController.swift */,
				C8874E9329DE834F00F9FA84 /* RootComponent+SignUp.swift */,
				C8874E9529DE840000F9FA84 /* RootInteractor+SignIn.swift */,
				C8874E9729DE86DD00F9FA84 /* RootInteractor+SignUp.swift */,
			);
			path = Root;
			sourceTree = "<group>";
		};
		9F7313749E29C47F323C604F /* Pods */ = {
			isa = PBXGroup;
			children = (
				9295BF036E84D108D4309496 /* Pods-E-Wallet.debug.xcconfig */,
				E70D610C9EB58FC1AC769B24 /* Pods-E-Wallet.release.xcconfig */,
			);
			path = Pods;
			sourceTree = "<group>";
		};
		A417A9661F82EDE114580A58 /* Extensions */ = {
			isa = PBXGroup;
			children = (
				DDE306DF459306F389E1925A /* ArrayExtensions.swift */,
				E2F8DA60CF49AA987F081CEE /* AVAssetExtension.swift */,
				2F59BA728FCE69959E1FBA3E /* AVAudioFileExtensions.swift */,
				00A3161B0DAB9C2940B842AE /* AVAudioPlayerNodeExtensions.swift */,
				020D8B59B989065EE24C9677 /* AVAudioSessionExtensions.swift */,
				DFBC1D7C4686FD6D99E9C63E /* AVMutableCompositionExtensions.swift */,
				268464D88F6AEFFDBB54CF86 /* AVPlayerExtensions.swift */,
				844FB912B2A217FD2790EE25 /* BezierPathExtensions.swift */,
				8196E834B6F31CB4E0D66BFF /* BundleExtensions.swift */,
				76FF64154979242342C6BE5A /* CalendarExtensions.swift */,
				9223B0100A36916B6DD1591C /* CGFloatExtensions.swift */,
				5F1E91F2E3D58B404EEA9239 /* CGPointExtensions.swift */,
				AF2964E2701F5AEFD953487E /* CGRectExtensions.swift */,
				237BDFB920023879AE7D81AC /* CGSizeExtensions.swift */,
				F76E27D7B1A1D9B95BBC1DCA /* CIImageExtensions.swift */,
				08E3E005B7EB3B5BB12CBF4F /* CLPlacemarkExtensions.swift */,
				084A3AF497B29F73330FC2AD /* CMTimeExtensions.swift */,
				462C5CF5B9F0E51DCBA8E774 /* CollectionViewExtensions.swift */,
				1711F166C77BD122AECF2BB5 /* ColorExtensions.swift */,
				596E0885532F8DDCC18E58C4 /* DateExtensions.swift */,
				F7F2D15FD7554F3AA5546436 /* DeviceExtensions.swift */,
				E92CC80C79E38A982724A3C0 /* DictionaryExtension.swift */,
				38A77F868C6186B620E42C75 /* DoubleExtensions.swift */,
				1AAD016D9E0A2021415AAD83 /* EncodableExtensions.swift */,
				9D82048394DF15E0AC2D5866 /* FileManagerExtensions.swift */,
				90293C5EA7D1B703B22EA5E3 /* FloatExtensions.swift */,
				FCC008A2944206250C9492E4 /* FontExtensions.swift */,
				34E98091CBECA425723E97E2 /* IntExtensions.swift */,
				413C9AE3B512FF47631561BC /* PHAssetExtension.swift */,
				9D2DDD2F40D509F97D080843 /* String+Mime.swift */,
				4E7F660B4AE15B3B2B1FCEC6 /* StringExtensions.swift */,
				CD144125FCFD45D1F64B8386 /* TableViewExtensions.swift */,
				BCD2E2C4983C865C8135B643 /* TimeIntervalExtensions.swift */,
				5BBD1B9CCC40BC14350409DB /* UIColorExtensions.swift */,
				F3F4C8627D1C02C99A6D5BE5 /* UIImageExtensions.swift */,
				FC6D04F7850792125D6B32D8 /* UIImageViewExtensions.swift */,
				36E688FA3A113438A1A18CA2 /* UIViewControllerExtensions.swift */,
				E5FF2BEE373A6511EAF3EF38 /* UIViewExtensions.swift */,
				9C30E834B601F3A975202FA2 /* URLExtensions.swift */,
				42B1F944D9EB2987974E068A /* URLRequestExtensions.swift */,
				8DBB6273B7D7119E1FE45F1C /* UserDefaultExtensions.swift */,
			);
			path = Extensions;
			sourceTree = "<group>";
		};
		C283A198D06C1772CD30F2AE /* CommonView */ = {
			isa = PBXGroup;
			children = (
				F35835B7908BDD2E2558D375 /* Checkbox.swift */,
				16DCCF3E11F9B3FE0BFEF224 /* FailedDialog.swift */,
				B360053EB7679319ABE20FEA /* HomeTabBar.swift */,
				1E1FBDD06D64DD127FB57D11 /* HomeTabBarItemView.swift */,
				C0D027C8F4064F48D5F3113C /* NotificationDialogView.swift */,
				430A113804A0774AFE5786DD /* PaddingTextField.swift */,
				D1927E39784CD3CE70F6325D /* PageSlideBar.swift */,
				2AC60536A83A3CE3DF933D55 /* PasswordTextField.swift */,
				6E7AD2B35C6F18BB8FA091FA /* SolarTextField.swift */,
				5814A1F55FCD3CBE2EEB2DDF /* TapableView.swift */,
				601747737C5C43EA02392B4F /* Enum */,
				82D0BFD18AA7CE275B3717CC /* Xib */,
			);
			path = CommonView;
			sourceTree = "<group>";
		};
		C8874E8829DE81F500F9FA84 /* SignUp */ = {
			isa = PBXGroup;
			children = (
				C8874E8929DE821800F9FA84 /* SignUpRouter.swift */,
				C8874E8A29DE821800F9FA84 /* SignUpViewController.swift */,
				C8874E8B29DE821800F9FA84 /* SignUpBuilder.swift */,
				C8874E8C29DE821800F9FA84 /* SignUpInteractor.swift */,
				C8874E8D29DE821800F9FA84 /* SignUpViewController.xib */,
			);
			path = SignUp;
			sourceTree = "<group>";
		};
		C95ECF7E2B64E9156DC14D3F /* Screen */ = {
			isa = PBXGroup;
			children = (
				C8874E8829DE81F500F9FA84 /* SignUp */,
				9A033AB277BCF7DE23E00527 /* Root */,
				D3E08E2A40D06CDA3BDA1E81 /* SignIn */,
				540599CC23AB5A4DAE27EF34 /* Splash */,
			);
			path = Screen;
			sourceTree = "<group>";
		};
		D22763A6DCA49FED9AAD6E47 /* Fonts */ = {
			isa = PBXGroup;
			children = (
				2667FEFC3DB073C518E5A130 /* BaseFont.swift */,
				6074308E0CE64B8B78AD8649 /* Outfit */,
			);
			path = Fonts;
			sourceTree = "<group>";
		};
		D3E08E2A40D06CDA3BDA1E81 /* SignIn */ = {
			isa = PBXGroup;
			children = (
				D908ABBE641DDB295BC669BF /* SignInBuilder.swift */,
				7AC6EE43C619C4DF34776601 /* SignInInteractor.swift */,
				FB649C1EDEA37D66D2D7C5A6 /* SignInRouter.swift */,
				A2A6FC69E6BBC5A601EF91E0 /* SignInViewController.swift */,
				C6E4727E7C21D7D41072A377 /* SignInViewController.xib */,
				6B63454BDE35360A03AC485A /* View */,
			);
			path = SignIn;
			sourceTree = "<group>";
		};
		EBC2EDC2C626970FF00128B9 /* Helper */ = {
			isa = PBXGroup;
			children = (
				D2ABEAE43F6D17A2DB01504C /* PermissonHelper.swift */,
			);
			path = Helper;
			sourceTree = "<group>";
		};
		F7F4BF46FF0A790DB63F8643 /* App */ = {
			isa = PBXGroup;
			children = (
				70EF586DBAF6E944F6C5796C /* AppComponent.swift */,
				2981F790E4C80C0BD5552ED9 /* AppDelegate.swift */,
				B1E6104F15EE2948C610F6D8 /* Assets.xcassets */,
				8F539F265657E892219B2CC7 /* Info.plist */,
				0B64F4EE454DA44A2AED89B7 /* LaunchScreen.storyboard */,
				D22763A6DCA49FED9AAD6E47 /* Fonts */,
			);
			path = App;
			sourceTree = "<group>";
		};
/* End PBXGroup section */

/* Begin PBXNativeTarget section */
		83C4EB9DF2FF5940C41BD02B /* E-Wallet */ = {
			isa = PBXNativeTarget;
			buildConfigurationList = 8417AA46FFD9A84B89B7E2F4 /* Build configuration list for PBXNativeTarget "E-Wallet" */;
			buildPhases = (
				196DC7860A4248DB7B498054 /* [CP] Check Pods Manifest.lock */,
				198970212657BADFC4EA0108 /* SwiftLint */,
				78F7944A4327369D518B0716 /* Sources */,
				FDA49642E5675D2CADE3757F /* Resources */,
				DFC682166988BD8F6257CDF6 /* Frameworks */,
				22875DCBFB266663EA2FACEF /* [CP] Embed Pods Frameworks */,
			);
			buildRules = (
			);
			dependencies = (
			);
			name = "E-Wallet";
			productName = "E-Wallet";
			productReference = 5909E920534E92207A103041 /* E-Wallet.app */;
			productType = "com.apple.product-type.application";
		};
/* End PBXNativeTarget section */

/* Begin PBXProject section */
		1221A2EAB3346B922C30B768 /* Project object */ = {
			isa = PBXProject;
			attributes = {
				LastUpgradeCheck = 1200;
				TargetAttributes = {
					83C4EB9DF2FF5940C41BD02B = {
						ProvisioningStyle = Manual;
					};
				};
			};
			buildConfigurationList = 0431D0F8A3BB334829847A9A /* Build configuration list for PBXProject "E-Wallet" */;
			compatibilityVersion = "Xcode 11.0";
			developmentRegion = en;
			hasScannedForEncodings = 0;
			knownRegions = (
				Base,
				en,
			);
			mainGroup = 5AB46CA1A48DD45808A4E703;
			productRefGroup = 68AF9A0EDA3A8B2A3684DC01 /* Products */;
			projectDirPath = "";
			projectRoot = "";
			targets = (
				83C4EB9DF2FF5940C41BD02B /* E-Wallet */,
			);
		};
/* End PBXProject section */

/* Begin PBXResourcesBuildPhase section */
		FDA49642E5675D2CADE3757F /* Resources */ = {
			isa = PBXResourcesBuildPhase;
			buildActionMask = 2147483647;
			files = (
				C004672193F92031C033FB42 /* Assets.xcassets in Resources */,
				0E01686A9C707821AB0E48C7 /* LaunchScreen.storyboard in Resources */,
				00EADCA495E5A3FC117BCD47 /* NotificationDialogView.xib in Resources */,
				A0246D099DA7A6EBE56DE6D8 /* Outfit-Bold.otf in Resources */,
				AA19072DEF9298AC9DEE9E7D /* Outfit-Light.otf in Resources */,
				C8874E9229DE821800F9FA84 /* SignUpViewController.xib in Resources */,
				5280DF6902903C9ECF543D65 /* Outfit-Medium.otf in Resources */,
				3C7D87D2F802C253E42231E1 /* Outfit-Regular.otf in Resources */,
				B09E9BD0F04A4BA42A83A7E5 /* Outfit-SemiBold.otf in Resources */,
				408DCC6F55CE6F269C3B83D9 /* SignInViewController.xib in Resources */,
				AFEEA13F070775EB20C3AC5C /* SplashViewController.xib in Resources */,
			);
			runOnlyForDeploymentPostprocessing = 0;
		};
/* End PBXResourcesBuildPhase section */

/* Begin PBXShellScriptBuildPhase section */
		196DC7860A4248DB7B498054 /* [CP] Check Pods Manifest.lock */ = {
			isa = PBXShellScriptBuildPhase;
			buildActionMask = 2147483647;
			files = (
			);
			inputFileListPaths = (
			);
			inputPaths = (
				"${PODS_PODFILE_DIR_PATH}/Podfile.lock",
				"${PODS_ROOT}/Manifest.lock",
			);
			name = "[CP] Check Pods Manifest.lock";
			outputFileListPaths = (
			);
			outputPaths = (
				"$(DERIVED_FILE_DIR)/Pods-E-Wallet-checkManifestLockResult.txt",
			);
			runOnlyForDeploymentPostprocessing = 0;
			shellPath = /bin/sh;
			shellScript = "diff \"${PODS_PODFILE_DIR_PATH}/Podfile.lock\" \"${PODS_ROOT}/Manifest.lock\" > /dev/null\nif [ $? != 0 ] ; then\n    # print error to STDERR\n    echo \"error: The sandbox is not in sync with the Podfile.lock. Run 'pod install' or update your CocoaPods installation.\" >&2\n    exit 1\nfi\n# This output is used by Xcode 'outputs' to avoid re-running this script phase.\necho \"SUCCESS\" > \"${SCRIPT_OUTPUT_FILE_0}\"\n";
			showEnvVarsInLog = 0;
		};
		198970212657BADFC4EA0108 /* SwiftLint */ = {
			isa = PBXShellScriptBuildPhase;
			buildActionMask = 2147483647;
			files = (
			);
			inputFileListPaths = (
			);
			inputPaths = (
			);
			name = SwiftLint;
			outputFileListPaths = (
			);
			outputPaths = (
			);
			runOnlyForDeploymentPostprocessing = 0;
			shellPath = /bin/sh;
			shellScript = "${PODS_ROOT}/SwiftLint/swiftlint";
		};
		22875DCBFB266663EA2FACEF /* [CP] Embed Pods Frameworks */ = {
			isa = PBXShellScriptBuildPhase;
			buildActionMask = 2147483647;
			files = (
			);
			inputFileListPaths = (
				"${PODS_ROOT}/Target Support Files/Pods-E-Wallet/Pods-E-Wallet-frameworks-${CONFIGURATION}-input-files.xcfilelist",
			);
			name = "[CP] Embed Pods Frameworks";
			outputFileListPaths = (
				"${PODS_ROOT}/Target Support Files/Pods-E-Wallet/Pods-E-Wallet-frameworks-${CONFIGURATION}-output-files.xcfilelist",
			);
			runOnlyForDeploymentPostprocessing = 0;
			shellPath = /bin/sh;
			shellScript = "\"${PODS_ROOT}/Target Support Files/Pods-E-Wallet/Pods-E-Wallet-frameworks.sh\"\n";
			showEnvVarsInLog = 0;
		};
/* End PBXShellScriptBuildPhase section */

/* Begin PBXSourcesBuildPhase section */
		78F7944A4327369D518B0716 /* Sources */ = {
			isa = PBXSourcesBuildPhase;
			buildActionMask = 2147483647;
			files = (
				E4678196798E7CD22E2DFB79 /* AVAssetExtension.swift in Sources */,
				AF2C2533F42C88315EB378EA /* AVAudioFileExtensions.swift in Sources */,
				C41659719718D2DAB7A4793A /* AVAudioPlayerNodeExtensions.swift in Sources */,
				CA35C8BBE3A620E7F06BCD3E /* AVAudioSessionExtensions.swift in Sources */,
				97A35C7DB5CAFECF5E086BBA /* AVMutableCompositionExtensions.swift in Sources */,
				E8A691B5F3368743495D8227 /* AVPlayerExtensions.swift in Sources */,
				1EBAA2DE7AE9146654845408 /* AppComponent.swift in Sources */,
				9A226E5A915AABA10710A818 /* AppDelegate.swift in Sources */,
				16BB99E1936D5E3672A95A46 /* ArrayExtensions.swift in Sources */,
				65792510113EECDBE8DA60E7 /* BaseFont.swift in Sources */,
				A91E1F8D6DC6E354F5458CCF /* BaseNavigationController.swift in Sources */,
				0997CAA7ABE1085E32B7B867 /* BaseViewController.swift in Sources */,
				2241087C6F9FD428E4C536BC /* BezierPathExtensions.swift in Sources */,
				C8874E9429DE834F00F9FA84 /* RootComponent+SignUp.swift in Sources */,
				52CC8497DED0896CC252AEB4 /* BundleExtensions.swift in Sources */,
				1A653AEE1DC4872F320DC7AA /* CGFloatExtensions.swift in Sources */,
				5FA16004C654652F752B1E30 /* CGPointExtensions.swift in Sources */,
				FAE9FD5B7F840D5F8F9B26D0 /* CGRectExtensions.swift in Sources */,
				C8874E9829DE86DD00F9FA84 /* RootInteractor+SignUp.swift in Sources */,
				098924B2A424B901E002CBD6 /* CGSizeExtensions.swift in Sources */,
				96A910616CEA6900DB353DF5 /* CIImageExtensions.swift in Sources */,
				0BAC305B2953575B283F6A52 /* CLPlacemarkExtensions.swift in Sources */,
				C8874E8E29DE821800F9FA84 /* SignUpRouter.swift in Sources */,
				C8874E9029DE821800F9FA84 /* SignUpBuilder.swift in Sources */,
				585E8F5075536DF96A9EBECD /* CMTimeExtensions.swift in Sources */,
				E74EEF4E15730F337E1E3F2F /* CalendarExtensions.swift in Sources */,
				0DE73602DA2395A1BC9D8258 /* Checkbox.swift in Sources */,
				573DE53819956109BA8750D9 /* CollectionViewExtensions.swift in Sources */,
				15F026205F7981A0418A5739 /* ColorExtensions.swift in Sources */,
				86F2915FC5D6A0FC664A3A18 /* DIConnector.swift in Sources */,
				F1D7276B8597476B53D1A627 /* DIContainer.swift in Sources */,
				FDE8D8DF7ECA2A935C398296 /* DIRibsConfiguration.swift in Sources */,
				D3A987A3EF7A9503C9AB6DBE /* DateExtensions.swift in Sources */,
				52354F204982AD0DDCA26FEC /* DeviceExtensions.swift in Sources */,
				E501FA31E679ED3225394A30 /* DictionaryExtension.swift in Sources */,
				6DF62C383C42BE2769CE5D76 /* DoubleExtensions.swift in Sources */,
				C8874E8F29DE821800F9FA84 /* SignUpViewController.swift in Sources */,
				C8874E9129DE821800F9FA84 /* SignUpInteractor.swift in Sources */,
				CC6278ED99982B35A02DAC6B /* EncodableExtensions.swift in Sources */,
				2281406798895152548C3F95 /* FailedDialog.swift in Sources */,
				7902AD7E8A2199B6CCA0E674 /* FileManagerExtensions.swift in Sources */,
				AD49F35407D83FE49FBC0B55 /* FloatExtensions.swift in Sources */,
				996078BF93BCC69851987D6F /* FontExtensions.swift in Sources */,
				94E4E213093E20994533C143 /* HomeTab.swift in Sources */,
				D3BBFFF8A55CFD7A692E2A08 /* HomeTabBar.swift in Sources */,
				B02AE7A0181BCE861E5A1F38 /* HomeTabBarItemView.swift in Sources */,
				61D99BF62E12F99A1B2A4EFB /* IntExtensions.swift in Sources */,
				DE07CC8DA440E6A66840FB41 /* LoginByPasswordView.swift in Sources */,
				0641B3B16513296E1B84415D /* NotificationDialogView.swift in Sources */,
				EF58311281031D21A702C10E /* Outfit.swift in Sources */,
				2E03FEA1F5C7A7079D58D1D0 /* PHAssetExtension.swift in Sources */,
				10B9EFA72F89AC153F640C99 /* PaddingTextField.swift in Sources */,
				A1DC540FF83E82DA107838A1 /* PageSlideBar.swift in Sources */,
				5D0A18DB1BF4E21F8B141787 /* PasswordTextField.swift in Sources */,
				2BE5661E5314B6BA0F25DC9F /* PermissonHelper.swift in Sources */,
				E4D936B3E131469B5FFB22D7 /* RootBuilder.swift in Sources */,
				6D4186A543F5D9D748415C56 /* RootComponent+SignIn.swift in Sources */,
				FF1FAC6D0417B363A76358D8 /* RootComponent+Splash.swift in Sources */,
				F21876E89E40F4692307E3C2 /* RootInteractor+Splash.swift in Sources */,
				E1F26F4ED1CAC9632B4C9FBE /* RootInteractor.swift in Sources */,
				2D6988B3B6F34173819693BB /* RootRouter.swift in Sources */,
				45B82411A46D828D9F177531 /* RootViewController.swift in Sources */,
				A1326202B6A2B2E7FD36301C /* SignInBuilder.swift in Sources */,
				1BA4868D44B1FD86A40F9D81 /* SignInInteractor.swift in Sources */,
				C5053D0856D0D7AD1439916A /* SignInRouter.swift in Sources */,
				50153C8A8B42C2BDB3E1C462 /* SignInViewController.swift in Sources */,
				69DAA8745762EC495604F145 /* SolarTextField.swift in Sources */,
				C8874E9629DE840000F9FA84 /* RootInteractor+SignIn.swift in Sources */,
				4850298DFF4AA823644E6C8C /* SplashBuilder.swift in Sources */,
				BC3A305CD02927FCE0413567 /* SplashInteractor.swift in Sources */,
				5D4AA6A2972E1D6A093A6B9C /* SplashRouter.swift in Sources */,
				F96806E353559B2F3975529C /* SplashViewController.swift in Sources */,
				0F01E004A9FF3354DD7DBC40 /* String+Mime.swift in Sources */,
				4A554BAA61991F2CA5D0AF51 /* StringExtensions.swift in Sources */,
				3457BFC0ED55D815F05A865D /* TableViewExtensions.swift in Sources */,
				F185A6EAF88A926A4626C019 /* TapableView.swift in Sources */,
				56C743F008FB8D580AA3A6EB /* TimeIntervalExtensions.swift in Sources */,
				E02922BE0919E1CA78AF34D5 /* UIColorExtensions.swift in Sources */,
				45E4F74F2B843D1293B865C9 /* UIImageExtensions.swift in Sources */,
				AB56EACC11387EA0AE0E3340 /* UIImageViewExtensions.swift in Sources */,
				A8EF85DC70CCBB0F12C5B84A /* UIViewControllerExtensions.swift in Sources */,
				469C0DD20F0C73CC8F6F7774 /* UIViewExtensions.swift in Sources */,
				DB68938C028F0F406809A95F /* URLExtensions.swift in Sources */,
				E4227F1B9F9010E4DE3BC6F9 /* URLRequestExtensions.swift in Sources */,
				6932D84B43866CBA257E7A08 /* UserDefaultExtensions.swift in Sources */,
				4A76FDAB824E4C990257A83C /* ViewController.swift in Sources */,
			);
			runOnlyForDeploymentPostprocessing = 0;
		};
/* End PBXSourcesBuildPhase section */

/* Begin PBXVariantGroup section */
		0B64F4EE454DA44A2AED89B7 /* LaunchScreen.storyboard */ = {
			isa = PBXVariantGroup;
			children = (
				138B55CE41750CB0F73F229F /* Base */,
			);
			name = LaunchScreen.storyboard;
			sourceTree = "<group>";
		};
/* End PBXVariantGroup section */

/* Begin XCBuildConfiguration section */
		0FE21ED473922116B32FB212 /* Debug */ = {
			isa = XCBuildConfiguration;
			buildSettings = {
				ALWAYS_SEARCH_USER_PATHS = NO;
				CLANG_ANALYZER_NONNULL = YES;
				CLANG_ANALYZER_NUMBER_OBJECT_CONVERSION = YES_AGGRESSIVE;
				CLANG_CXX_LANGUAGE_STANDARD = "gnu++14";
				CLANG_CXX_LIBRARY = "libc++";
				CLANG_ENABLE_MODULES = YES;
				CLANG_ENABLE_OBJC_ARC = YES;
				CLANG_ENABLE_OBJC_WEAK = YES;
				CLANG_WARN_BLOCK_CAPTURE_AUTORELEASING = YES;
				CLANG_WARN_BOOL_CONVERSION = YES;
				CLANG_WARN_COMMA = YES;
				CLANG_WARN_CONSTANT_CONVERSION = YES;
				CLANG_WARN_DEPRECATED_OBJC_IMPLEMENTATIONS = YES;
				CLANG_WARN_DIRECT_OBJC_ISA_USAGE = YES_ERROR;
				CLANG_WARN_DOCUMENTATION_COMMENTS = YES;
				CLANG_WARN_EMPTY_BODY = YES;
				CLANG_WARN_ENUM_CONVERSION = YES;
				CLANG_WARN_INFINITE_RECURSION = YES;
				CLANG_WARN_INT_CONVERSION = YES;
				CLANG_WARN_NON_LITERAL_NULL_CONVERSION = YES;
				CLANG_WARN_OBJC_IMPLICIT_RETAIN_SELF = YES;
				CLANG_WARN_OBJC_LITERAL_CONVERSION = YES;
				CLANG_WARN_OBJC_ROOT_CLASS = YES_ERROR;
				CLANG_WARN_QUOTED_INCLUDE_IN_FRAMEWORK_HEADER = YES;
				CLANG_WARN_RANGE_LOOP_ANALYSIS = YES;
				CLANG_WARN_STRICT_PROTOTYPES = YES;
				CLANG_WARN_SUSPICIOUS_MOVE = YES;
				CLANG_WARN_UNGUARDED_AVAILABILITY = YES_AGGRESSIVE;
				CLANG_WARN_UNREACHABLE_CODE = YES;
				CLANG_WARN__DUPLICATE_METHOD_MATCH = YES;
				COPY_PHASE_STRIP = NO;
				DEBUG_INFORMATION_FORMAT = dwarf;
				ENABLE_STRICT_OBJC_MSGSEND = YES;
				ENABLE_TESTABILITY = YES;
				GCC_C_LANGUAGE_STANDARD = gnu11;
				GCC_DYNAMIC_NO_PIC = NO;
				GCC_NO_COMMON_BLOCKS = YES;
				GCC_OPTIMIZATION_LEVEL = 0;
				GCC_PREPROCESSOR_DEFINITIONS = (
					"$(inherited)",
					"DEBUG=1",
				);
				GCC_WARN_64_TO_32_BIT_CONVERSION = YES;
				GCC_WARN_ABOUT_RETURN_TYPE = YES_ERROR;
				GCC_WARN_UNDECLARED_SELECTOR = YES;
				GCC_WARN_UNINITIALIZED_AUTOS = YES_AGGRESSIVE;
				GCC_WARN_UNUSED_FUNCTION = YES;
				GCC_WARN_UNUSED_VARIABLE = YES;
				MTL_ENABLE_DEBUG_INFO = INCLUDE_SOURCE;
				MTL_FAST_MATH = YES;
				ONLY_ACTIVE_ARCH = YES;
				PRODUCT_NAME = "$(TARGET_NAME)";
				SDKROOT = iphoneos;
				SWIFT_ACTIVE_COMPILATION_CONDITIONS = DEBUG;
				SWIFT_OPTIMIZATION_LEVEL = "-Onone";
				SWIFT_VERSION = 5.0;
			};
			name = Debug;
		};
		4479BE0A41B56BC4442816BE /* Release */ = {
			isa = XCBuildConfiguration;
			buildSettings = {
				ALWAYS_SEARCH_USER_PATHS = NO;
				CLANG_ANALYZER_NONNULL = YES;
				CLANG_ANALYZER_NUMBER_OBJECT_CONVERSION = YES_AGGRESSIVE;
				CLANG_CXX_LANGUAGE_STANDARD = "gnu++14";
				CLANG_CXX_LIBRARY = "libc++";
				CLANG_ENABLE_MODULES = YES;
				CLANG_ENABLE_OBJC_ARC = YES;
				CLANG_ENABLE_OBJC_WEAK = YES;
				CLANG_WARN_BLOCK_CAPTURE_AUTORELEASING = YES;
				CLANG_WARN_BOOL_CONVERSION = YES;
				CLANG_WARN_COMMA = YES;
				CLANG_WARN_CONSTANT_CONVERSION = YES;
				CLANG_WARN_DEPRECATED_OBJC_IMPLEMENTATIONS = YES;
				CLANG_WARN_DIRECT_OBJC_ISA_USAGE = YES_ERROR;
				CLANG_WARN_DOCUMENTATION_COMMENTS = YES;
				CLANG_WARN_EMPTY_BODY = YES;
				CLANG_WARN_ENUM_CONVERSION = YES;
				CLANG_WARN_INFINITE_RECURSION = YES;
				CLANG_WARN_INT_CONVERSION = YES;
				CLANG_WARN_NON_LITERAL_NULL_CONVERSION = YES;
				CLANG_WARN_OBJC_IMPLICIT_RETAIN_SELF = YES;
				CLANG_WARN_OBJC_LITERAL_CONVERSION = YES;
				CLANG_WARN_OBJC_ROOT_CLASS = YES_ERROR;
				CLANG_WARN_QUOTED_INCLUDE_IN_FRAMEWORK_HEADER = YES;
				CLANG_WARN_RANGE_LOOP_ANALYSIS = YES;
				CLANG_WARN_STRICT_PROTOTYPES = YES;
				CLANG_WARN_SUSPICIOUS_MOVE = YES;
				CLANG_WARN_UNGUARDED_AVAILABILITY = YES_AGGRESSIVE;
				CLANG_WARN_UNREACHABLE_CODE = YES;
				CLANG_WARN__DUPLICATE_METHOD_MATCH = YES;
				COPY_PHASE_STRIP = NO;
				DEBUG_INFORMATION_FORMAT = "dwarf-with-dsym";
				ENABLE_NS_ASSERTIONS = NO;
				ENABLE_STRICT_OBJC_MSGSEND = YES;
				GCC_C_LANGUAGE_STANDARD = gnu11;
				GCC_NO_COMMON_BLOCKS = YES;
				GCC_WARN_64_TO_32_BIT_CONVERSION = YES;
				GCC_WARN_ABOUT_RETURN_TYPE = YES_ERROR;
				GCC_WARN_UNDECLARED_SELECTOR = YES;
				GCC_WARN_UNINITIALIZED_AUTOS = YES_AGGRESSIVE;
				GCC_WARN_UNUSED_FUNCTION = YES;
				GCC_WARN_UNUSED_VARIABLE = YES;
				MTL_ENABLE_DEBUG_INFO = NO;
				MTL_FAST_MATH = YES;
				PRODUCT_NAME = "$(TARGET_NAME)";
				SDKROOT = iphoneos;
				SWIFT_COMPILATION_MODE = wholemodule;
				SWIFT_OPTIMIZATION_LEVEL = "-O";
				SWIFT_VERSION = 5.0;
			};
			name = Release;
		};
		823CAD032B5D54444590B8B9 /* Debug */ = {
			isa = XCBuildConfiguration;
			baseConfigurationReference = 9295BF036E84D108D4309496 /* Pods-E-Wallet.debug.xcconfig */;
			buildSettings = {
				ASSETCATALOG_COMPILER_APPICON_NAME = AppIcon;
				CODE_SIGN_IDENTITY = "iPhone Developer";
				CODE_SIGN_STYLE = Manual;
				DEBUG_INFORMATION_FORMAT = "dwarf-with-dsym";
				INFOPLIST_FILE = "E-Wallet/App/Info.plist";
				IPHONEOS_DEPLOYMENT_TARGET = 13.0;
				LD_RUNPATH_SEARCH_PATHS = (
					"$(inherited)",
					"@executable_path/Frameworks",
				);
				SDKROOT = iphoneos;
				SWIFT_VERSION = 5;
				TARGETED_DEVICE_FAMILY = "1,2";
			};
			name = Debug;
		};
		A70D08CFB56FF487898D616E /* Release */ = {
			isa = XCBuildConfiguration;
			baseConfigurationReference = E70D610C9EB58FC1AC769B24 /* Pods-E-Wallet.release.xcconfig */;
			buildSettings = {
				ASSETCATALOG_COMPILER_APPICON_NAME = AppIcon;
				CODE_SIGN_IDENTITY = "iPhone Developer";
				CODE_SIGN_STYLE = Manual;
				DEBUG_INFORMATION_FORMAT = "dwarf-with-dsym";
				INFOPLIST_FILE = "E-Wallet/App/Info.plist";
				IPHONEOS_DEPLOYMENT_TARGET = 13.0;
				LD_RUNPATH_SEARCH_PATHS = (
					"$(inherited)",
					"@executable_path/Frameworks",
				);
				SDKROOT = iphoneos;
				SWIFT_VERSION = 5;
				TARGETED_DEVICE_FAMILY = "1,2";
			};
			name = Release;
		};
/* End XCBuildConfiguration section */

/* Begin XCConfigurationList section */
		0431D0F8A3BB334829847A9A /* Build configuration list for PBXProject "E-Wallet" */ = {
			isa = XCConfigurationList;
			buildConfigurations = (
				0FE21ED473922116B32FB212 /* Debug */,
				4479BE0A41B56BC4442816BE /* Release */,
			);
			defaultConfigurationIsVisible = 0;
			defaultConfigurationName = Debug;
		};
		8417AA46FFD9A84B89B7E2F4 /* Build configuration list for PBXNativeTarget "E-Wallet" */ = {
			isa = XCConfigurationList;
			buildConfigurations = (
				823CAD032B5D54444590B8B9 /* Debug */,
				A70D08CFB56FF487898D616E /* Release */,
			);
			defaultConfigurationIsVisible = 0;
			defaultConfigurationName = Debug;
		};
/* End XCConfigurationList section */
	};
	rootObject = 1221A2EAB3346B922C30B768 /* Project object */;
}
